// !$*UTF8*$!
{
	archiveVersion = 1;
	classes = {
	};
	objectVersion = 51;
	objects = {

/* Begin PBXBuildFile section */
		36235B2825CA7DE5009233E7 /* Extensions.swift in Sources */ = {isa = PBXBuildFile; fileRef = 36235B2725CA7DE5009233E7 /* Extensions.swift */; };
		36235B2B25CA9CFE009233E7 /* GoogleService-Info.plist in Resources */ = {isa = PBXBuildFile; fileRef = 36235B2A25CA9CFE009233E7 /* GoogleService-Info.plist */; };
		36235B4F25CAB1EA009233E7 /* DatabaseManager.swift in Sources */ = {isa = PBXBuildFile; fileRef = 36235B4E25CAB1EA009233E7 /* DatabaseManager.swift */; };
		36E9F99525CA41E400A76B00 /* AppDelegate.swift in Sources */ = {isa = PBXBuildFile; fileRef = 36E9F99425CA41E400A76B00 /* AppDelegate.swift */; };
		36E9F99725CA41E400A76B00 /* SceneDelegate.swift in Sources */ = {isa = PBXBuildFile; fileRef = 36E9F99625CA41E400A76B00 /* SceneDelegate.swift */; };
		36E9F99925CA41E400A76B00 /* ConversationsViewController.swift in Sources */ = {isa = PBXBuildFile; fileRef = 36E9F99825CA41E400A76B00 /* ConversationsViewController.swift */; };
		36E9F99C25CA41E400A76B00 /* Main.storyboard in Resources */ = {isa = PBXBuildFile; fileRef = 36E9F99A25CA41E400A76B00 /* Main.storyboard */; };
		36E9F99E25CA41E600A76B00 /* Assets.xcassets in Resources */ = {isa = PBXBuildFile; fileRef = 36E9F99D25CA41E600A76B00 /* Assets.xcassets */; };
		36E9F9A125CA41E600A76B00 /* LaunchScreen.storyboard in Resources */ = {isa = PBXBuildFile; fileRef = 36E9F99F25CA41E600A76B00 /* LaunchScreen.storyboard */; };
		36E9F9B025CA5CF800A76B00 /* LoginViewController.swift in Sources */ = {isa = PBXBuildFile; fileRef = 36E9F9AF25CA5CF800A76B00 /* LoginViewController.swift */; };
		36E9F9B325CA5D2E00A76B00 /* RegisterViewController.swift in Sources */ = {isa = PBXBuildFile; fileRef = 36E9F9B225CA5D2E00A76B00 /* RegisterViewController.swift */; };
		36E9F9B625CA5D4D00A76B00 /* PhotoViewerViewController.swift in Sources */ = {isa = PBXBuildFile; fileRef = 36E9F9B525CA5D4D00A76B00 /* PhotoViewerViewController.swift */; };
		36E9F9B925CA5D7000A76B00 /* VideoPlayerViewController.swift in Sources */ = {isa = PBXBuildFile; fileRef = 36E9F9B825CA5D7000A76B00 /* VideoPlayerViewController.swift */; };
		36E9F9BC25CA5D9400A76B00 /* NewConversationViewController.swift in Sources */ = {isa = PBXBuildFile; fileRef = 36E9F9BB25CA5D9400A76B00 /* NewConversationViewController.swift */; };
		36E9F9BF25CA5DCD00A76B00 /* ProfileViewController.swift in Sources */ = {isa = PBXBuildFile; fileRef = 36E9F9BE25CA5DCD00A76B00 /* ProfileViewController.swift */; };
		912FC9C6F2E5B5C2FAF1B2A1 /* Pods_ConnectChats.framework in Frameworks */ = {isa = PBXBuildFile; fileRef = 058C1DA18C33AEAB0457B4D5 /* Pods_ConnectChats.framework */; };
/* End PBXBuildFile section */

/* Begin PBXFileReference section */
		058C1DA18C33AEAB0457B4D5 /* Pods_ConnectChats.framework */ = {isa = PBXFileReference; explicitFileType = wrapper.framework; includeInIndex = 0; path = Pods_ConnectChats.framework; sourceTree = BUILT_PRODUCTS_DIR; };
		30D2F530B56A0D8008D4918E /* Pods-ConnectChats.release.xcconfig */ = {isa = PBXFileReference; includeInIndex = 1; lastKnownFileType = text.xcconfig; name = "Pods-ConnectChats.release.xcconfig"; path = "Target Support Files/Pods-ConnectChats/Pods-ConnectChats.release.xcconfig"; sourceTree = "<group>"; };
		36235B2725CA7DE5009233E7 /* Extensions.swift */ = {isa = PBXFileReference; lastKnownFileType = sourcecode.swift; path = Extensions.swift; sourceTree = "<group>"; };
		36235B2A25CA9CFE009233E7 /* GoogleService-Info.plist */ = {isa = PBXFileReference; fileEncoding = 4; lastKnownFileType = text.plist.xml; path = "GoogleService-Info.plist"; sourceTree = "<group>"; };
		36235B4E25CAB1EA009233E7 /* DatabaseManager.swift */ = {isa = PBXFileReference; lastKnownFileType = sourcecode.swift; path = DatabaseManager.swift; sourceTree = "<group>"; };
		36E9F99125CA41E400A76B00 /* ConnectChats.app */ = {isa = PBXFileReference; explicitFileType = wrapper.application; includeInIndex = 0; path = ConnectChats.app; sourceTree = BUILT_PRODUCTS_DIR; };
		36E9F99425CA41E400A76B00 /* AppDelegate.swift */ = {isa = PBXFileReference; lastKnownFileType = sourcecode.swift; path = AppDelegate.swift; sourceTree = "<group>"; xcLanguageSpecificationIdentifier = xcode.lang.swift; };
		36E9F99625CA41E400A76B00 /* SceneDelegate.swift */ = {isa = PBXFileReference; lastKnownFileType = sourcecode.swift; path = SceneDelegate.swift; sourceTree = "<group>"; };
		36E9F99825CA41E400A76B00 /* ConversationsViewController.swift */ = {isa = PBXFileReference; lastKnownFileType = sourcecode.swift; path = ConversationsViewController.swift; sourceTree = "<group>"; };
		36E9F99B25CA41E400A76B00 /* Base */ = {isa = PBXFileReference; lastKnownFileType = file.storyboard; name = Base; path = Base.lproj/Main.storyboard; sourceTree = "<group>"; };
		36E9F99D25CA41E600A76B00 /* Assets.xcassets */ = {isa = PBXFileReference; lastKnownFileType = folder.assetcatalog; path = Assets.xcassets; sourceTree = "<group>"; };
		36E9F9A025CA41E600A76B00 /* Base */ = {isa = PBXFileReference; lastKnownFileType = file.storyboard; name = Base; path = Base.lproj/LaunchScreen.storyboard; sourceTree = "<group>"; };
		36E9F9A225CA41E600A76B00 /* Info.plist */ = {isa = PBXFileReference; lastKnownFileType = text.plist.xml; path = Info.plist; sourceTree = "<group>"; };
		36E9F9AF25CA5CF800A76B00 /* LoginViewController.swift */ = {isa = PBXFileReference; lastKnownFileType = sourcecode.swift; path = LoginViewController.swift; sourceTree = "<group>"; };
		36E9F9B225CA5D2E00A76B00 /* RegisterViewController.swift */ = {isa = PBXFileReference; lastKnownFileType = sourcecode.swift; path = RegisterViewController.swift; sourceTree = "<group>"; };
		36E9F9B525CA5D4D00A76B00 /* PhotoViewerViewController.swift */ = {isa = PBXFileReference; lastKnownFileType = sourcecode.swift; path = PhotoViewerViewController.swift; sourceTree = "<group>"; };
		36E9F9B825CA5D7000A76B00 /* VideoPlayerViewController.swift */ = {isa = PBXFileReference; lastKnownFileType = sourcecode.swift; path = VideoPlayerViewController.swift; sourceTree = "<group>"; };
		36E9F9BB25CA5D9400A76B00 /* NewConversationViewController.swift */ = {isa = PBXFileReference; lastKnownFileType = sourcecode.swift; path = NewConversationViewController.swift; sourceTree = "<group>"; };
		36E9F9BE25CA5DCD00A76B00 /* ProfileViewController.swift */ = {isa = PBXFileReference; lastKnownFileType = sourcecode.swift; path = ProfileViewController.swift; sourceTree = "<group>"; };
		7CA7C25D914A6C17BD5669D0 /* Pods-ConnectChats.debug.xcconfig */ = {isa = PBXFileReference; includeInIndex = 1; lastKnownFileType = text.xcconfig; name = "Pods-ConnectChats.debug.xcconfig"; path = "Target Support Files/Pods-ConnectChats/Pods-ConnectChats.debug.xcconfig"; sourceTree = "<group>"; };
/* End PBXFileReference section */

/* Begin PBXFrameworksBuildPhase section */
		36E9F98E25CA41E400A76B00 /* Frameworks */ = {
			isa = PBXFrameworksBuildPhase;
			buildActionMask = 2147483647;
			files = (
				912FC9C6F2E5B5C2FAF1B2A1 /* Pods_ConnectChats.framework in Frameworks */,
			);
			runOnlyForDeploymentPostprocessing = 0;
		};
/* End PBXFrameworksBuildPhase section */

/* Begin PBXGroup section */
		36E9F98825CA41E400A76B00 = {
			isa = PBXGroup;
			children = (
				36E9F99325CA41E400A76B00 /* ConnectChats */,
				36E9F99225CA41E400A76B00 /* Products */,
				A8EE738C511BA6575E48B0FD /* Pods */,
				C7A0ECD04190D10653971A49 /* Frameworks */,
			);
			sourceTree = "<group>";
		};
		36E9F99225CA41E400A76B00 /* Products */ = {
			isa = PBXGroup;
			children = (
				36E9F99125CA41E400A76B00 /* ConnectChats.app */,
			);
			name = Products;
			sourceTree = "<group>";
		};
		36E9F99325CA41E400A76B00 /* ConnectChats */ = {
			isa = PBXGroup;
			children = (
				36235B2A25CA9CFE009233E7 /* GoogleService-Info.plist */,
				36E9F9AD25CA5BB500A76B00 /* Resources */,
				36E9F9AC25CA5BAD00A76B00 /* ViewModels */,
				36E9F9AB25CA5BA400A76B00 /* Models */,
				36E9F9AA25CA5B9C00A76B00 /* Storyboards */,
				36E9F9A925CA5B8B00A76B00 /* Controllers */,
				36E9F99D25CA41E600A76B00 /* Assets.xcassets */,
				36E9F9A225CA41E600A76B00 /* Info.plist */,
			);
			path = ConnectChats;
			sourceTree = "<group>";
		};
		36E9F9A925CA5B8B00A76B00 /* Controllers */ = {
			isa = PBXGroup;
			children = (
				36E9F99825CA41E400A76B00 /* ConversationsViewController.swift */,
				36E9F9C125CA629B00A76B00 /* Auth */,
				36E9F9B525CA5D4D00A76B00 /* PhotoViewerViewController.swift */,
				36E9F9B825CA5D7000A76B00 /* VideoPlayerViewController.swift */,
				36E9F9BB25CA5D9400A76B00 /* NewConversationViewController.swift */,
				36E9F9BE25CA5DCD00A76B00 /* ProfileViewController.swift */,
			);
			path = Controllers;
			sourceTree = "<group>";
		};
		36E9F9AA25CA5B9C00A76B00 /* Storyboards */ = {
			isa = PBXGroup;
			children = (
				36E9F99A25CA41E400A76B00 /* Main.storyboard */,
				36E9F99F25CA41E600A76B00 /* LaunchScreen.storyboard */,
			);
			path = Storyboards;
			sourceTree = "<group>";
		};
		36E9F9AB25CA5BA400A76B00 /* Models */ = {
			isa = PBXGroup;
			children = (
			);
			path = Models;
			sourceTree = "<group>";
		};
		36E9F9AC25CA5BAD00A76B00 /* ViewModels */ = {
			isa = PBXGroup;
			children = (
			);
			path = ViewModels;
			sourceTree = "<group>";
		};
		36E9F9AD25CA5BB500A76B00 /* Resources */ = {
			isa = PBXGroup;
			children = (
				36E9F99425CA41E400A76B00 /* AppDelegate.swift */,
				36235B2725CA7DE5009233E7 /* Extensions.swift */,
				36E9F99625CA41E400A76B00 /* SceneDelegate.swift */,
				36235B4E25CAB1EA009233E7 /* DatabaseManager.swift */,
			);
			path = Resources;
			sourceTree = "<group>";
		};
		36E9F9C125CA629B00A76B00 /* Auth */ = {
			isa = PBXGroup;
			children = (
				36E9F9AF25CA5CF800A76B00 /* LoginViewController.swift */,
				36E9F9B225CA5D2E00A76B00 /* RegisterViewController.swift */,
			);
			path = Auth;
			sourceTree = "<group>";
		};
		A8EE738C511BA6575E48B0FD /* Pods */ = {
			isa = PBXGroup;
			children = (
				7CA7C25D914A6C17BD5669D0 /* Pods-ConnectChats.debug.xcconfig */,
				30D2F530B56A0D8008D4918E /* Pods-ConnectChats.release.xcconfig */,
			);
			path = Pods;
			sourceTree = "<group>";
		};
		C7A0ECD04190D10653971A49 /* Frameworks */ = {
			isa = PBXGroup;
			children = (
				058C1DA18C33AEAB0457B4D5 /* Pods_ConnectChats.framework */,
			);
			name = Frameworks;
			sourceTree = "<group>";
		};
/* End PBXGroup section */

/* Begin PBXNativeTarget section */
		36E9F99025CA41E400A76B00 /* ConnectChats */ = {
			isa = PBXNativeTarget;
			buildConfigurationList = 36E9F9A525CA41E600A76B00 /* Build configuration list for PBXNativeTarget "ConnectChats" */;
			buildPhases = (
				0F168765EB3F58B5FE080698 /* [CP] Check Pods Manifest.lock */,
				36E9F98D25CA41E400A76B00 /* Sources */,
				36E9F98E25CA41E400A76B00 /* Frameworks */,
				36E9F98F25CA41E400A76B00 /* Resources */,
				ADC8E1CE8D356ABBDECB0E30 /* [CP] Embed Pods Frameworks */,
			);
			buildRules = (
			);
			dependencies = (
			);
			name = ConnectChats;
			productName = ConnectChats;
			productReference = 36E9F99125CA41E400A76B00 /* ConnectChats.app */;
			productType = "com.apple.product-type.application";
		};
/* End PBXNativeTarget section */

/* Begin PBXProject section */
		36E9F98925CA41E400A76B00 /* Project object */ = {
			isa = PBXProject;
			attributes = {
				LastSwiftUpdateCheck = 1240;
				LastUpgradeCheck = 1240;
				TargetAttributes = {
					36E9F99025CA41E400A76B00 = {
						CreatedOnToolsVersion = 12.4;
					};
				};
			};
			buildConfigurationList = 36E9F98C25CA41E400A76B00 /* Build configuration list for PBXProject "ConnectChats" */;
			compatibilityVersion = "Xcode 9.3";
			developmentRegion = en;
			hasScannedForEncodings = 0;
			knownRegions = (
				en,
				Base,
			);
			mainGroup = 36E9F98825CA41E400A76B00;
			productRefGroup = 36E9F99225CA41E400A76B00 /* Products */;
			projectDirPath = "";
			projectRoot = "";
			targets = (
				36E9F99025CA41E400A76B00 /* ConnectChats */,
			);
		};
/* End PBXProject section */

/* Begin PBXResourcesBuildPhase section */
		36E9F98F25CA41E400A76B00 /* Resources */ = {
			isa = PBXResourcesBuildPhase;
			buildActionMask = 2147483647;
			files = (
				36E9F9A125CA41E600A76B00 /* LaunchScreen.storyboard in Resources */,
				36235B2B25CA9CFE009233E7 /* GoogleService-Info.plist in Resources */,
				36E9F99E25CA41E600A76B00 /* Assets.xcassets in Resources */,
				36E9F99C25CA41E400A76B00 /* Main.storyboard in Resources */,
			);
			runOnlyForDeploymentPostprocessing = 0;
		};
/* End PBXResourcesBuildPhase section */

/* Begin PBXShellScriptBuildPhase section */
		0F168765EB3F58B5FE080698 /* [CP] Check Pods Manifest.lock */ = {
			isa = PBXShellScriptBuildPhase;
			buildActionMask = 2147483647;
			files = (
			);
			inputFileListPaths = (
			);
			inputPaths = (
				"${PODS_PODFILE_DIR_PATH}/Podfile.lock",
				"${PODS_ROOT}/Manifest.lock",
			);
			name = "[CP] Check Pods Manifest.lock";
			outputFileListPaths = (
			);
			outputPaths = (
				"$(DERIVED_FILE_DIR)/Pods-ConnectChats-checkManifestLockResult.txt",
			);
			runOnlyForDeploymentPostprocessing = 0;
			shellPath = /bin/sh;
			shellScript = "diff \"${PODS_PODFILE_DIR_PATH}/Podfile.lock\" \"${PODS_ROOT}/Manifest.lock\" > /dev/null\nif [ $? != 0 ] ; then\n    # print error to STDERR\n    echo \"error: The sandbox is not in sync with the Podfile.lock. Run 'pod install' or update your CocoaPods installation.\" >&2\n    exit 1\nfi\n# This output is used by Xcode 'outputs' to avoid re-running this script phase.\necho \"SUCCESS\" > \"${SCRIPT_OUTPUT_FILE_0}\"\n";
			showEnvVarsInLog = 0;
		};
		ADC8E1CE8D356ABBDECB0E30 /* [CP] Embed Pods Frameworks */ = {
			isa = PBXShellScriptBuildPhase;
			buildActionMask = 2147483647;
			files = (
			);
			inputFileListPaths = (
				"${PODS_ROOT}/Target Support Files/Pods-ConnectChats/Pods-ConnectChats-frameworks-${CONFIGURATION}-input-files.xcfilelist",
			);
			name = "[CP] Embed Pods Frameworks";
			outputFileListPaths = (
				"${PODS_ROOT}/Target Support Files/Pods-ConnectChats/Pods-ConnectChats-frameworks-${CONFIGURATION}-output-files.xcfilelist",
			);
			runOnlyForDeploymentPostprocessing = 0;
			shellPath = /bin/sh;
			shellScript = "\"${PODS_ROOT}/Target Support Files/Pods-ConnectChats/Pods-ConnectChats-frameworks.sh\"\n";
			showEnvVarsInLog = 0;
		};
/* End PBXShellScriptBuildPhase section */

/* Begin PBXSourcesBuildPhase section */
		36E9F98D25CA41E400A76B00 /* Sources */ = {
			isa = PBXSourcesBuildPhase;
			buildActionMask = 2147483647;
			files = (
				36E9F9B025CA5CF800A76B00 /* LoginViewController.swift in Sources */,
				36235B4F25CAB1EA009233E7 /* DatabaseManager.swift in Sources */,
				36E9F9B325CA5D2E00A76B00 /* RegisterViewController.swift in Sources */,
				36E9F9BC25CA5D9400A76B00 /* NewConversationViewController.swift in Sources */,
				36E9F99925CA41E400A76B00 /* ConversationsViewController.swift in Sources */,
				36E9F9B925CA5D7000A76B00 /* VideoPlayerViewController.swift in Sources */,
				36235B2825CA7DE5009233E7 /* Extensions.swift in Sources */,
				36E9F99525CA41E400A76B00 /* AppDelegate.swift in Sources */,
				36E9F9BF25CA5DCD00A76B00 /* ProfileViewController.swift in Sources */,
				36E9F99725CA41E400A76B00 /* SceneDelegate.swift in Sources */,
				36E9F9B625CA5D4D00A76B00 /* PhotoViewerViewController.swift in Sources */,
			);
			runOnlyForDeploymentPostprocessing = 0;
		};
/* End PBXSourcesBuildPhase section */

/* Begin PBXVariantGroup section */
		36E9F99A25CA41E400A76B00 /* Main.storyboard */ = {
			isa = PBXVariantGroup;
			children = (
				36E9F99B25CA41E400A76B00 /* Base */,
			);
			name = Main.storyboard;
			sourceTree = "<group>";
		};
		36E9F99F25CA41E600A76B00 /* LaunchScreen.storyboard */ = {
			isa = PBXVariantGroup;
			children = (
				36E9F9A025CA41E600A76B00 /* Base */,
			);
			name = LaunchScreen.storyboard;
			sourceTree = "<group>";
		};
/* End PBXVariantGroup section */

/* Begin XCBuildConfiguration section */
		36E9F9A325CA41E600A76B00 /* Debug */ = {
			isa = XCBuildConfiguration;
			buildSettings = {
				ALWAYS_SEARCH_USER_PATHS = NO;
				CLANG_ANALYZER_NONNULL = YES;
				CLANG_ANALYZER_NUMBER_OBJECT_CONVERSION = YES_AGGRESSIVE;
				CLANG_CXX_LANGUAGE_STANDARD = "gnu++14";
				CLANG_CXX_LIBRARY = "libc++";
				CLANG_ENABLE_MODULES = YES;
				CLANG_ENABLE_OBJC_ARC = YES;
				CLANG_ENABLE_OBJC_WEAK = YES;
				CLANG_WARN_BLOCK_CAPTURE_AUTORELEASING = YES;
				CLANG_WARN_BOOL_CONVERSION = YES;
				CLANG_WARN_COMMA = YES;
				CLANG_WARN_CONSTANT_CONVERSION = YES;
				CLANG_WARN_DEPRECATED_OBJC_IMPLEMENTATIONS = YES;
				CLANG_WARN_DIRECT_OBJC_ISA_USAGE = YES_ERROR;
				CLANG_WARN_DOCUMENTATION_COMMENTS = YES;
				CLANG_WARN_EMPTY_BODY = YES;
				CLANG_WARN_ENUM_CONVERSION = YES;
				CLANG_WARN_INFINITE_RECURSION = YES;
				CLANG_WARN_INT_CONVERSION = YES;
				CLANG_WARN_NON_LITERAL_NULL_CONVERSION = YES;
				CLANG_WARN_OBJC_IMPLICIT_RETAIN_SELF = YES;
				CLANG_WARN_OBJC_LITERAL_CONVERSION = YES;
				CLANG_WARN_OBJC_ROOT_CLASS = YES_ERROR;
				CLANG_WARN_QUOTED_INCLUDE_IN_FRAMEWORK_HEADER = YES;
				CLANG_WARN_RANGE_LOOP_ANALYSIS = YES;
				CLANG_WARN_STRICT_PROTOTYPES = YES;
				CLANG_WARN_SUSPICIOUS_MOVE = YES;
				CLANG_WARN_UNGUARDED_AVAILABILITY = YES_AGGRESSIVE;
				CLANG_WARN_UNREACHABLE_CODE = YES;
				CLANG_WARN__DUPLICATE_METHOD_MATCH = YES;
				COPY_PHASE_STRIP = NO;
				DEBUG_INFORMATION_FORMAT = dwarf;
				ENABLE_STRICT_OBJC_MSGSEND = YES;
				ENABLE_TESTABILITY = YES;
				GCC_C_LANGUAGE_STANDARD = gnu11;
				GCC_DYNAMIC_NO_PIC = NO;
				GCC_NO_COMMON_BLOCKS = YES;
				GCC_OPTIMIZATION_LEVEL = 0;
				GCC_PREPROCESSOR_DEFINITIONS = (
					"DEBUG=1",
					"$(inherited)",
				);
				GCC_WARN_64_TO_32_BIT_CONVERSION = YES;
				GCC_WARN_ABOUT_RETURN_TYPE = YES_ERROR;
				GCC_WARN_UNDECLARED_SELECTOR = YES;
				GCC_WARN_UNINITIALIZED_AUTOS = YES_AGGRESSIVE;
				GCC_WARN_UNUSED_FUNCTION = YES;
				GCC_WARN_UNUSED_VARIABLE = YES;
				IPHONEOS_DEPLOYMENT_TARGET = 14.4;
				MTL_ENABLE_DEBUG_INFO = INCLUDE_SOURCE;
				MTL_FAST_MATH = YES;
				ONLY_ACTIVE_ARCH = YES;
				SDKROOT = iphoneos;
				SWIFT_ACTIVE_COMPILATION_CONDITIONS = DEBUG;
				SWIFT_OPTIMIZATION_LEVEL = "-Onone";
			};
			name = Debug;
		};
		36E9F9A425CA41E600A76B00 /* Release */ = {
			isa = XCBuildConfiguration;
			buildSettings = {
				ALWAYS_SEARCH_USER_PATHS = NO;
				CLANG_ANALYZER_NONNULL = YES;
				CLANG_ANALYZER_NUMBER_OBJECT_CONVERSION = YES_AGGRESSIVE;
				CLANG_CXX_LANGUAGE_STANDARD = "gnu++14";
				CLANG_CXX_LIBRARY = "libc++";
				CLANG_ENABLE_MODULES = YES;
				CLANG_ENABLE_OBJC_ARC = YES;
				CLANG_ENABLE_OBJC_WEAK = YES;
				CLANG_WARN_BLOCK_CAPTURE_AUTORELEASING = YES;
				CLANG_WARN_BOOL_CONVERSION = YES;
				CLANG_WARN_COMMA = YES;
				CLANG_WARN_CONSTANT_CONVERSION = YES;
				CLANG_WARN_DEPRECATED_OBJC_IMPLEMENTATIONS = YES;
				CLANG_WARN_DIRECT_OBJC_ISA_USAGE = YES_ERROR;
				CLANG_WARN_DOCUMENTATION_COMMENTS = YES;
				CLANG_WARN_EMPTY_BODY = YES;
				CLANG_WARN_ENUM_CONVERSION = YES;
				CLANG_WARN_INFINITE_RECURSION = YES;
				CLANG_WARN_INT_CONVERSION = YES;
				CLANG_WARN_NON_LITERAL_NULL_CONVERSION = YES;
				CLANG_WARN_OBJC_IMPLICIT_RETAIN_SELF = YES;
				CLANG_WARN_OBJC_LITERAL_CONVERSION = YES;
				CLANG_WARN_OBJC_ROOT_CLASS = YES_ERROR;
				CLANG_WARN_QUOTED_INCLUDE_IN_FRAMEWORK_HEADER = YES;
				CLANG_WARN_RANGE_LOOP_ANALYSIS = YES;
				CLANG_WARN_STRICT_PROTOTYPES = YES;
				CLANG_WARN_SUSPICIOUS_MOVE = YES;
				CLANG_WARN_UNGUARDED_AVAILABILITY = YES_AGGRESSIVE;
				CLANG_WARN_UNREACHABLE_CODE = YES;
				CLANG_WARN__DUPLICATE_METHOD_MATCH = YES;
				COPY_PHASE_STRIP = NO;
				DEBUG_INFORMATION_FORMAT = "dwarf-with-dsym";
				ENABLE_NS_ASSERTIONS = NO;
				ENABLE_STRICT_OBJC_MSGSEND = YES;
				GCC_C_LANGUAGE_STANDARD = gnu11;
				GCC_NO_COMMON_BLOCKS = YES;
				GCC_WARN_64_TO_32_BIT_CONVERSION = YES;
				GCC_WARN_ABOUT_RETURN_TYPE = YES_ERROR;
				GCC_WARN_UNDECLARED_SELECTOR = YES;
				GCC_WARN_UNINITIALIZED_AUTOS = YES_AGGRESSIVE;
				GCC_WARN_UNUSED_FUNCTION = YES;
				GCC_WARN_UNUSED_VARIABLE = YES;
				IPHONEOS_DEPLOYMENT_TARGET = 14.4;
				MTL_ENABLE_DEBUG_INFO = NO;
				MTL_FAST_MATH = YES;
				SDKROOT = iphoneos;
				SWIFT_COMPILATION_MODE = wholemodule;
				SWIFT_OPTIMIZATION_LEVEL = "-O";
				VALIDATE_PRODUCT = YES;
			};
			name = Release;
		};
		36E9F9A625CA41E600A76B00 /* Debug */ = {
			isa = XCBuildConfiguration;
			baseConfigurationReference = 7CA7C25D914A6C17BD5669D0 /* Pods-ConnectChats.debug.xcconfig */;
			buildSettings = {
				ASSETCATALOG_COMPILER_APPICON_NAME = AppIcon;
				ASSETCATALOG_COMPILER_GLOBAL_ACCENT_COLOR_NAME = AccentColor;
				CODE_SIGN_STYLE = Automatic;
				DEVELOPMENT_TEAM = 7K98NR4PBB;
				INFOPLIST_FILE = ConnectChats/Info.plist;
				LD_RUNPATH_SEARCH_PATHS = (
					"$(inherited)",
					"@executable_path/Frameworks",
				);
				PRODUCT_BUNDLE_IDENTIFIER = com.jaydendagsa.ConnectChats;
				PRODUCT_NAME = "$(TARGET_NAME)";
				SWIFT_VERSION = 5.0;
				TARGETED_DEVICE_FAMILY = "1,2";
			};
			name = Debug;
		};
		36E9F9A725CA41E600A76B00 /* Release */ = {
			isa = XCBuildConfiguration;
			baseConfigurationReference = 30D2F530B56A0D8008D4918E /* Pods-ConnectChats.release.xcconfig */;
			buildSettings = {
				ASSETCATALOG_COMPILER_APPICON_NAME = AppIcon;
				ASSETCATALOG_COMPILER_GLOBAL_ACCENT_COLOR_NAME = AccentColor;
				CODE_SIGN_STYLE = Automatic;
				DEVELOPMENT_TEAM = 7K98NR4PBB;
				INFOPLIST_FILE = ConnectChats/Info.plist;
				LD_RUNPATH_SEARCH_PATHS = (
					"$(inherited)",
					"@executable_path/Frameworks",
				);
				PRODUCT_BUNDLE_IDENTIFIER = com.jaydendagsa.ConnectChats;
				PRODUCT_NAME = "$(TARGET_NAME)";
				SWIFT_VERSION = 5.0;
				TARGETED_DEVICE_FAMILY = "1,2";
			};
			name = Release;
		};
/* End XCBuildConfiguration section */

/* Begin XCConfigurationList section */
		36E9F98C25CA41E400A76B00 /* Build configuration list for PBXProject "ConnectChats" */ = {
			isa = XCConfigurationList;
			buildConfigurations = (
				36E9F9A325CA41E600A76B00 /* Debug */,
				36E9F9A425CA41E600A76B00 /* Release */,
			);
			defaultConfigurationIsVisible = 0;
			defaultConfigurationName = Release;
		};
		36E9F9A525CA41E600A76B00 /* Build configuration list for PBXNativeTarget "ConnectChats" */ = {
			isa = XCConfigurationList;
			buildConfigurations = (
				36E9F9A625CA41E600A76B00 /* Debug */,
				36E9F9A725CA41E600A76B00 /* Release */,
			);
			defaultConfigurationIsVisible = 0;
			defaultConfigurationName = Release;
		};
/* End XCConfigurationList section */
	};
	rootObject = 36E9F98925CA41E400A76B00 /* Project object */;
}
